
Microsoft Visual Studio Solution File, Format Version 12.00
# Visual Studio Version 17
VisualStudioVersion = 17.6.33801.468
MinimumVisualStudioVersion = 10.0.40219.1
Project("{FAE04EC0-301F-11D3-BF4B-00C04F79EFBC}") = "DesignPattern_ChainOfResponsibility", "DesignPattern_ChainOfResponsibility\DesignPattern_ChainOfResponsibility.csproj", "{6E289F41-409A-4992-A9A4-BB37F869EC29}"
EndProject
Global
	GlobalSection(SolutionConfigurationPlatforms) = preSolution
		Debug|Any CPU = Debug|Any CPU
		Release|Any CPU = Release|Any CPU
	EndGlobalSection
	GlobalSection(ProjectConfigurationPlatforms) = postSolution
		{6E289F41-409A-4992-A9A4-BB37F869EC29}.Debug|Any CPU.ActiveCfg = Debug|Any CPU
		{6E289F41-409A-4992-A9A4-BB37F869EC29}.Debug|Any CPU.Build.0 = Debug|Any CPU
		{6E289F41-409A-4992-A9A4-BB37F869EC29}.Release|Any CPU.ActiveCfg = Release|Any CPU
		{6E289F41-409A-4992-A9A4-BB37F869EC29}.Release|Any CPU.Build.0 = Release|Any CPU
	EndGlobalSection
	GlobalSection(SolutionProperties) = preSolution
		HideSolutionNode = FALSE
	EndGlobalSection
	GlobalSection(ExtensibilityGlobals) = postSolution
		SolutionGuid = {61C40E5D-B9A3-4EDA-8585-A0FF9EC2BD5A}
	EndGlobalSection
EndGlobal
